
Microsoft Visual Studio Solution File, Format Version 12.00
# Visual Studio Version 17
VisualStudioVersion = 17.6.33723.286
MinimumVisualStudioVersion = 10.0.40219.1
Project("{8BC9CEB8-8B4A-11D0-8D11-00A0C91BC942}") = "W2D3", "W2D3.vcxproj", "{9F03BA08-7906-49C0-93CA-A665C4BDBEDA}"
EndProject
Global
	GlobalSection(SolutionConfigurationPlatforms) = preSolution
		Debug|x64 = Debug|x64
		Debug|x86 = Debug|x86
		Release|x64 = Release|x64
		Release|x86 = Release|x86
	EndGlobalSection
	GlobalSection(ProjectConfigurationPlatforms) = postSolution
		{9F03BA08-7906-49C0-93CA-A665C4BDBEDA}.Debug|x64.ActiveCfg = Debug|x64
		{9F03BA08-7906-49C0-93CA-A665C4BDBEDA}.Debug|x64.Build.0 = Debug|x64
		{9F03BA08-7906-49C0-93CA-A665C4BDBEDA}.Debug|x86.ActiveCfg = Debug|Win32
		{9F03BA08-7906-49C0-93CA-A665C4BDBEDA}.Debug|x86.Build.0 = Debug|Win32
		{9F03BA08-7906-49C0-93CA-A665C4BDBEDA}.Release|x64.ActiveCfg = Release|x64
		{9F03BA08-7906-49C0-93CA-A665C4BDBEDA}.Release|x64.Build.0 = Release|x64
		{9F03BA08-7906-49C0-93CA-A665C4BDBEDA}.Release|x86.ActiveCfg = Release|Win32
		{9F03BA08-7906-49C0-93CA-A665C4BDBEDA}.Release|x86.Build.0 = Release|Win32
	EndGlobalSection
	GlobalSection(SolutionProperties) = preSolution
		HideSolutionNode = FALSE
	EndGlobalSection
	GlobalSection(ExtensibilityGlobals) = postSolution
		SolutionGuid = {294AC118-27B8-40AE-849A-2B88E0F81BA6}
	EndGlobalSection
EndGlobal
